// !$*UTF8*$!
{
	archiveVersion = 1;
	classes = {
	};
	objectVersion = 51;
	objects = {

/* Begin PBXBuildFile section */
		841DC0C624806BFA004A9F54 /* Home.swift in Sources */ = {isa = PBXBuildFile; fileRef = 841DC0C524806BFA004A9F54 /* Home.swift */; };
		84DB7B0A247ECD1900C9CF43 /* AppDelegate.swift in Sources */ = {isa = PBXBuildFile; fileRef = 84DB7B09247ECD1900C9CF43 /* AppDelegate.swift */; };
		84DB7B0C247ECD1900C9CF43 /* SceneDelegate.swift in Sources */ = {isa = PBXBuildFile; fileRef = 84DB7B0B247ECD1900C9CF43 /* SceneDelegate.swift */; };
		84DB7B0E247ECD1900C9CF43 /* ContentView.swift in Sources */ = {isa = PBXBuildFile; fileRef = 84DB7B0D247ECD1900C9CF43 /* ContentView.swift */; };
		84DB7B10247ECD1B00C9CF43 /* Assets.xcassets in Resources */ = {isa = PBXBuildFile; fileRef = 84DB7B0F247ECD1B00C9CF43 /* Assets.xcassets */; };
		84DB7B13247ECD1B00C9CF43 /* Preview Assets.xcassets in Resources */ = {isa = PBXBuildFile; fileRef = 84DB7B12247ECD1B00C9CF43 /* Preview Assets.xcassets */; };
		84DB7B16247ECD1B00C9CF43 /* LaunchScreen.storyboard in Resources */ = {isa = PBXBuildFile; fileRef = 84DB7B14247ECD1B00C9CF43 /* LaunchScreen.storyboard */; };
		84DB7B1E247ECDFD00C9CF43 /* GoogleService-Info.plist in Resources */ = {isa = PBXBuildFile; fileRef = 84DB7B1D247ECDFD00C9CF43 /* GoogleService-Info.plist */; };
		84DB7B22247ED47800C9CF43 /* Welcome.swift in Sources */ = {isa = PBXBuildFile; fileRef = 84DB7B21247ED47800C9CF43 /* Welcome.swift */; };
		84DB7B24247ED51000C9CF43 /* SignUp.swift in Sources */ = {isa = PBXBuildFile; fileRef = 84DB7B23247ED51000C9CF43 /* SignUp.swift */; };
		84DB7B26247ED59200C9CF43 /* ForgotPassword.swift in Sources */ = {isa = PBXBuildFile; fileRef = 84DB7B25247ED59200C9CF43 /* ForgotPassword.swift */; };
		BDA6837F4C739E49A1B8ADD1 /* Pods_100DaysOfCodeProject.framework in Frameworks */ = {isa = PBXBuildFile; fileRef = 05265FD296E6DC04D9BB84D3 /* Pods_100DaysOfCodeProject.framework */; };
/* End PBXBuildFile section */

/* Begin PBXFileReference section */
		05265FD296E6DC04D9BB84D3 /* Pods_100DaysOfCodeProject.framework */ = {isa = PBXFileReference; explicitFileType = wrapper.framework; includeInIndex = 0; path = Pods_100DaysOfCodeProject.framework; sourceTree = BUILT_PRODUCTS_DIR; };
		7E4D137F4A9D7530C6E8F319 /* Pods-100DaysOfCodeProject.release.xcconfig */ = {isa = PBXFileReference; includeInIndex = 1; lastKnownFileType = text.xcconfig; name = "Pods-100DaysOfCodeProject.release.xcconfig"; path = "Target Support Files/Pods-100DaysOfCodeProject/Pods-100DaysOfCodeProject.release.xcconfig"; sourceTree = "<group>"; };
		841DC0C524806BFA004A9F54 /* Home.swift */ = {isa = PBXFileReference; lastKnownFileType = sourcecode.swift; path = Home.swift; sourceTree = "<group>"; };
		84DB7B06247ECD1900C9CF43 /* 100DaysOfCodeProject.app */ = {isa = PBXFileReference; explicitFileType = wrapper.application; includeInIndex = 0; path = 100DaysOfCodeProject.app; sourceTree = BUILT_PRODUCTS_DIR; };
		84DB7B09247ECD1900C9CF43 /* AppDelegate.swift */ = {isa = PBXFileReference; lastKnownFileType = sourcecode.swift; path = AppDelegate.swift; sourceTree = "<group>"; };
		84DB7B0B247ECD1900C9CF43 /* SceneDelegate.swift */ = {isa = PBXFileReference; lastKnownFileType = sourcecode.swift; path = SceneDelegate.swift; sourceTree = "<group>"; };
		84DB7B0D247ECD1900C9CF43 /* ContentView.swift */ = {isa = PBXFileReference; lastKnownFileType = sourcecode.swift; path = ContentView.swift; sourceTree = "<group>"; };
		84DB7B0F247ECD1B00C9CF43 /* Assets.xcassets */ = {isa = PBXFileReference; lastKnownFileType = folder.assetcatalog; path = Assets.xcassets; sourceTree = "<group>"; };
		84DB7B12247ECD1B00C9CF43 /* Preview Assets.xcassets */ = {isa = PBXFileReference; lastKnownFileType = folder.assetcatalog; path = "Preview Assets.xcassets"; sourceTree = "<group>"; };
		84DB7B15247ECD1B00C9CF43 /* Base */ = {isa = PBXFileReference; lastKnownFileType = file.storyboard; name = Base; path = Base.lproj/LaunchScreen.storyboard; sourceTree = "<group>"; };
		84DB7B17247ECD1B00C9CF43 /* Info.plist */ = {isa = PBXFileReference; lastKnownFileType = text.plist.xml; path = Info.plist; sourceTree = "<group>"; };
		84DB7B1D247ECDFD00C9CF43 /* GoogleService-Info.plist */ = {isa = PBXFileReference; fileEncoding = 4; lastKnownFileType = text.plist.xml; name = "GoogleService-Info.plist"; path = "../../../Downloads/GoogleService-Info.plist"; sourceTree = "<group>"; };
		84DB7B21247ED47800C9CF43 /* Welcome.swift */ = {isa = PBXFileReference; lastKnownFileType = sourcecode.swift; path = Welcome.swift; sourceTree = "<group>"; };
		84DB7B23247ED51000C9CF43 /* SignUp.swift */ = {isa = PBXFileReference; lastKnownFileType = sourcecode.swift; path = SignUp.swift; sourceTree = "<group>"; };
		84DB7B25247ED59200C9CF43 /* ForgotPassword.swift */ = {isa = PBXFileReference; lastKnownFileType = sourcecode.swift; path = ForgotPassword.swift; sourceTree = "<group>"; };
		D4E1CA6CB4322EF42CF6E590 /* Pods-100DaysOfCodeProject.debug.xcconfig */ = {isa = PBXFileReference; includeInIndex = 1; lastKnownFileType = text.xcconfig; name = "Pods-100DaysOfCodeProject.debug.xcconfig"; path = "Target Support Files/Pods-100DaysOfCodeProject/Pods-100DaysOfCodeProject.debug.xcconfig"; sourceTree = "<group>"; };
/* End PBXFileReference section */

/* Begin PBXFrameworksBuildPhase section */
		84DB7B03247ECD1900C9CF43 /* Frameworks */ = {
			isa = PBXFrameworksBuildPhase;
			buildActionMask = 2147483647;
			files = (
				BDA6837F4C739E49A1B8ADD1 /* Pods_100DaysOfCodeProject.framework in Frameworks */,
			);
			runOnlyForDeploymentPostprocessing = 0;
		};
/* End PBXFrameworksBuildPhase section */

/* Begin PBXGroup section */
		1EA7BE1524189FD5CF4953DD /* Pods */ = {
			isa = PBXGroup;
			children = (
				D4E1CA6CB4322EF42CF6E590 /* Pods-100DaysOfCodeProject.debug.xcconfig */,
				7E4D137F4A9D7530C6E8F319 /* Pods-100DaysOfCodeProject.release.xcconfig */,
			);
			path = Pods;
			sourceTree = "<group>";
		};
		84DB7AFD247ECD1900C9CF43 = {
			isa = PBXGroup;
			children = (
				84DB7B08247ECD1900C9CF43 /* 100DaysOfCodeProject */,
				84DB7B07247ECD1900C9CF43 /* Products */,
				1EA7BE1524189FD5CF4953DD /* Pods */,
				E8211893AC6E9B40734BDEB1 /* Frameworks */,
			);
			sourceTree = "<group>";
		};
		84DB7B07247ECD1900C9CF43 /* Products */ = {
			isa = PBXGroup;
			children = (
				84DB7B06247ECD1900C9CF43 /* 100DaysOfCodeProject.app */,
			);
			name = Products;
			sourceTree = "<group>";
		};
		84DB7B08247ECD1900C9CF43 /* 100DaysOfCodeProject */ = {
			isa = PBXGroup;
			children = (
				84DB7B09247ECD1900C9CF43 /* AppDelegate.swift */,
				84DB7B0B247ECD1900C9CF43 /* SceneDelegate.swift */,
				84DB7B0D247ECD1900C9CF43 /* ContentView.swift */,
				84DB7B21247ED47800C9CF43 /* Welcome.swift */,
				84DB7B25247ED59200C9CF43 /* ForgotPassword.swift */,
				84DB7B23247ED51000C9CF43 /* SignUp.swift */,
				841DC0C524806BFA004A9F54 /* Home.swift */,
				84DB7B0F247ECD1B00C9CF43 /* Assets.xcassets */,
				84DB7B14247ECD1B00C9CF43 /* LaunchScreen.storyboard */,
				84DB7B17247ECD1B00C9CF43 /* Info.plist */,
				84DB7B1D247ECDFD00C9CF43 /* GoogleService-Info.plist */,
				84DB7B11247ECD1B00C9CF43 /* Preview Content */,
			);
			path = 100DaysOfCodeProject;
			sourceTree = "<group>";
		};
		84DB7B11247ECD1B00C9CF43 /* Preview Content */ = {
			isa = PBXGroup;
			children = (
				84DB7B12247ECD1B00C9CF43 /* Preview Assets.xcassets */,
			);
			path = "Preview Content";
			sourceTree = "<group>";
		};
		E8211893AC6E9B40734BDEB1 /* Frameworks */ = {
			isa = PBXGroup;
			children = (
				05265FD296E6DC04D9BB84D3 /* Pods_100DaysOfCodeProject.framework */,
			);
			name = Frameworks;
			sourceTree = "<group>";
		};
/* End PBXGroup section */

/* Begin PBXNativeTarget section */
		84DB7B05247ECD1900C9CF43 /* 100DaysOfCodeProject */ = {
			isa = PBXNativeTarget;
			buildConfigurationList = 84DB7B1A247ECD1B00C9CF43 /* Build configuration list for PBXNativeTarget "100DaysOfCodeProject" */;
			buildPhases = (
				BE837274CEAAA5E01799A82E /* [CP] Check Pods Manifest.lock */,
				84DB7B02247ECD1900C9CF43 /* Sources */,
				84DB7B03247ECD1900C9CF43 /* Frameworks */,
				84DB7B04247ECD1900C9CF43 /* Resources */,
				D7950FCB496FA6A788436AA2 /* [CP] Embed Pods Frameworks */,
			);
			buildRules = (
			);
			dependencies = (
			);
			name = 100DaysOfCodeProject;
			productName = 100DaysOfCodeProject;
			productReference = 84DB7B06247ECD1900C9CF43 /* 100DaysOfCodeProject.app */;
			productType = "com.apple.product-type.application";
		};
/* End PBXNativeTarget section */

/* Begin PBXProject section */
		84DB7AFE247ECD1900C9CF43 /* Project object */ = {
			isa = PBXProject;
			attributes = {
				LastSwiftUpdateCheck = 1130;
				LastUpgradeCheck = 1130;
				ORGANIZATIONNAME = "Malik Hawkins";
				TargetAttributes = {
					84DB7B05247ECD1900C9CF43 = {
						CreatedOnToolsVersion = 11.3.1;
					};
				};
			};
			buildConfigurationList = 84DB7B01247ECD1900C9CF43 /* Build configuration list for PBXProject "100DaysOfCodeProject" */;
			compatibilityVersion = "Xcode 9.3";
			developmentRegion = en;
			hasScannedForEncodings = 0;
			knownRegions = (
				en,
				Base,
			);
			mainGroup = 84DB7AFD247ECD1900C9CF43;
			productRefGroup = 84DB7B07247ECD1900C9CF43 /* Products */;
			projectDirPath = "";
			projectRoot = "";
			targets = (
				84DB7B05247ECD1900C9CF43 /* 100DaysOfCodeProject */,
			);
		};
/* End PBXProject section */

/* Begin PBXResourcesBuildPhase section */
		84DB7B04247ECD1900C9CF43 /* Resources */ = {
			isa = PBXResourcesBuildPhase;
			buildActionMask = 2147483647;
			files = (
				84DB7B16247ECD1B00C9CF43 /* LaunchScreen.storyboard in Resources */,
				84DB7B1E247ECDFD00C9CF43 /* GoogleService-Info.plist in Resources */,
				84DB7B13247ECD1B00C9CF43 /* Preview Assets.xcassets in Resources */,
				84DB7B10247ECD1B00C9CF43 /* Assets.xcassets in Resources */,
			);
			runOnlyForDeploymentPostprocessing = 0;
		};
/* End PBXResourcesBuildPhase section */

/* Begin PBXShellScriptBuildPhase section */
		BE837274CEAAA5E01799A82E /* [CP] Check Pods Manifest.lock */ = {
			isa = PBXShellScriptBuildPhase;
			buildActionMask = 2147483647;
			files = (
			);
			inputFileListPaths = (
			);
			inputPaths = (
				"${PODS_PODFILE_DIR_PATH}/Podfile.lock",
				"${PODS_ROOT}/Manifest.lock",
			);
			name = "[CP] Check Pods Manifest.lock";
			outputFileListPaths = (
			);
			outputPaths = (
				"$(DERIVED_FILE_DIR)/Pods-100DaysOfCodeProject-checkManifestLockResult.txt",
			);
			runOnlyForDeploymentPostprocessing = 0;
			shellPath = /bin/sh;
			shellScript = "diff \"${PODS_PODFILE_DIR_PATH}/Podfile.lock\" \"${PODS_ROOT}/Manifest.lock\" > /dev/null\nif [ $? != 0 ] ; then\n    # print error to STDERR\n    echo \"error: The sandbox is not in sync with the Podfile.lock. Run 'pod install' or update your CocoaPods installation.\" >&2\n    exit 1\nfi\n# This output is used by Xcode 'outputs' to avoid re-running this script phase.\necho \"SUCCESS\" > \"${SCRIPT_OUTPUT_FILE_0}\"\n";
			showEnvVarsInLog = 0;
		};
		D7950FCB496FA6A788436AA2 /* [CP] Embed Pods Frameworks */ = {
			isa = PBXShellScriptBuildPhase;
			buildActionMask = 2147483647;
			files = (
			);
			inputFileListPaths = (
				"${PODS_ROOT}/Target Support Files/Pods-100DaysOfCodeProject/Pods-100DaysOfCodeProject-frameworks-${CONFIGURATION}-input-files.xcfilelist",
			);
			name = "[CP] Embed Pods Frameworks";
			outputFileListPaths = (
				"${PODS_ROOT}/Target Support Files/Pods-100DaysOfCodeProject/Pods-100DaysOfCodeProject-frameworks-${CONFIGURATION}-output-files.xcfilelist",
			);
			runOnlyForDeploymentPostprocessing = 0;
			shellPath = /bin/sh;
			shellScript = "\"${PODS_ROOT}/Target Support Files/Pods-100DaysOfCodeProject/Pods-100DaysOfCodeProject-frameworks.sh\"\n";
			showEnvVarsInLog = 0;
		};
/* End PBXShellScriptBuildPhase section */

/* Begin PBXSourcesBuildPhase section */
		84DB7B02247ECD1900C9CF43 /* Sources */ = {
			isa = PBXSourcesBuildPhase;
			buildActionMask = 2147483647;
			files = (
				84DB7B22247ED47800C9CF43 /* Welcome.swift in Sources */,
				84DB7B0A247ECD1900C9CF43 /* AppDelegate.swift in Sources */,
				84DB7B0C247ECD1900C9CF43 /* SceneDelegate.swift in Sources */,
				84DB7B0E247ECD1900C9CF43 /* ContentView.swift in Sources */,
				84DB7B24247ED51000C9CF43 /* SignUp.swift in Sources */,
				84DB7B26247ED59200C9CF43 /* ForgotPassword.swift in Sources */,
				841DC0C624806BFA004A9F54 /* Home.swift in Sources */,
			);
			runOnlyForDeploymentPostprocessing = 0;
		};
/* End PBXSourcesBuildPhase section */

/* Begin PBXVariantGroup section */
		84DB7B14247ECD1B00C9CF43 /* LaunchScreen.storyboard */ = {
			isa = PBXVariantGroup;
			children = (
				84DB7B15247ECD1B00C9CF43 /* Base */,
			);
			name = LaunchScreen.storyboard;
			sourceTree = "<group>";
		};
/* End PBXVariantGroup section */

/* Begin XCBuildConfiguration section */
		84DB7B18247ECD1B00C9CF43 /* Debug */ = {
			isa = XCBuildConfiguration;
			buildSettings = {
				ALWAYS_SEARCH_USER_PATHS = NO;
				CLANG_ANALYZER_NONNULL = YES;
				CLANG_ANALYZER_NUMBER_OBJECT_CONVERSION = YES_AGGRESSIVE;
				CLANG_CXX_LANGUAGE_STANDARD = "gnu++14";
				CLANG_CXX_LIBRARY = "libc++";
				CLANG_ENABLE_MODULES = YES;
				CLANG_ENABLE_OBJC_ARC = YES;
				CLANG_ENABLE_OBJC_WEAK = YES;
				CLANG_WARN_BLOCK_CAPTURE_AUTORELEASING = YES;
				CLANG_WARN_BOOL_CONVERSION = YES;
				CLANG_WARN_COMMA = YES;
				CLANG_WARN_CONSTANT_CONVERSION = YES;
				CLANG_WARN_DEPRECATED_OBJC_IMPLEMENTATIONS = YES;
				CLANG_WARN_DIRECT_OBJC_ISA_USAGE = YES_ERROR;
				CLANG_WARN_DOCUMENTATION_COMMENTS = YES;
				CLANG_WARN_EMPTY_BODY = YES;
				CLANG_WARN_ENUM_CONVERSION = YES;
				CLANG_WARN_INFINITE_RECURSION = YES;
				CLANG_WARN_INT_CONVERSION = YES;
				CLANG_WARN_NON_LITERAL_NULL_CONVERSION = YES;
				CLANG_WARN_OBJC_IMPLICIT_RETAIN_SELF = YES;
				CLANG_WARN_OBJC_LITERAL_CONVERSION = YES;
				CLANG_WARN_OBJC_ROOT_CLASS = YES_ERROR;
				CLANG_WARN_RANGE_LOOP_ANALYSIS = YES;
				CLANG_WARN_STRICT_PROTOTYPES = YES;
				CLANG_WARN_SUSPICIOUS_MOVE = YES;
				CLANG_WARN_UNGUARDED_AVAILABILITY = YES_AGGRESSIVE;
				CLANG_WARN_UNREACHABLE_CODE = YES;
				CLANG_WARN__DUPLICATE_METHOD_MATCH = YES;
				COPY_PHASE_STRIP = NO;
				DEBUG_INFORMATION_FORMAT = dwarf;
				ENABLE_STRICT_OBJC_MSGSEND = YES;
				ENABLE_TESTABILITY = YES;
				GCC_C_LANGUAGE_STANDARD = gnu11;
				GCC_DYNAMIC_NO_PIC = NO;
				GCC_NO_COMMON_BLOCKS = YES;
				GCC_OPTIMIZATION_LEVEL = 0;
				GCC_PREPROCESSOR_DEFINITIONS = (
					"DEBUG=1",
					"$(inherited)",
				);
				GCC_WARN_64_TO_32_BIT_CONVERSION = YES;
				GCC_WARN_ABOUT_RETURN_TYPE = YES_ERROR;
				GCC_WARN_UNDECLARED_SELECTOR = YES;
				GCC_WARN_UNINITIALIZED_AUTOS = YES_AGGRESSIVE;
				GCC_WARN_UNUSED_FUNCTION = YES;
				GCC_WARN_UNUSED_VARIABLE = YES;
				IPHONEOS_DEPLOYMENT_TARGET = 13.2;
				MTL_ENABLE_DEBUG_INFO = INCLUDE_SOURCE;
				MTL_FAST_MATH = YES;
				ONLY_ACTIVE_ARCH = YES;
				SDKROOT = iphoneos;
				SWIFT_ACTIVE_COMPILATION_CONDITIONS = DEBUG;
				SWIFT_OPTIMIZATION_LEVEL = "-Onone";
			};
			name = Debug;
		};
		84DB7B19247ECD1B00C9CF43 /* Release */ = {
			isa = XCBuildConfiguration;
			buildSettings = {
				ALWAYS_SEARCH_USER_PATHS = NO;
				CLANG_ANALYZER_NONNULL = YES;
				CLANG_ANALYZER_NUMBER_OBJECT_CONVERSION = YES_AGGRESSIVE;
				CLANG_CXX_LANGUAGE_STANDARD = "gnu++14";
				CLANG_CXX_LIBRARY = "libc++";
				CLANG_ENABLE_MODULES = YES;
				CLANG_ENABLE_OBJC_ARC = YES;
				CLANG_ENABLE_OBJC_WEAK = YES;
				CLANG_WARN_BLOCK_CAPTURE_AUTORELEASING = YES;
				CLANG_WARN_BOOL_CONVERSION = YES;
				CLANG_WARN_COMMA = YES;
				CLANG_WARN_CONSTANT_CONVERSION = YES;
				CLANG_WARN_DEPRECATED_OBJC_IMPLEMENTATIONS = YES;
				CLANG_WARN_DIRECT_OBJC_ISA_USAGE = YES_ERROR;
				CLANG_WARN_DOCUMENTATION_COMMENTS = YES;
				CLANG_WARN_EMPTY_BODY = YES;
				CLANG_WARN_ENUM_CONVERSION = YES;
				CLANG_WARN_INFINITE_RECURSION = YES;
				CLANG_WARN_INT_CONVERSION = YES;
				CLANG_WARN_NON_LITERAL_NULL_CONVERSION = YES;
				CLANG_WARN_OBJC_IMPLICIT_RETAIN_SELF = YES;
				CLANG_WARN_OBJC_LITERAL_CONVERSION = YES;
				CLANG_WARN_OBJC_ROOT_CLASS = YES_ERROR;
				CLANG_WARN_RANGE_LOOP_ANALYSIS = YES;
				CLANG_WARN_STRICT_PROTOTYPES = YES;
				CLANG_WARN_SUSPICIOUS_MOVE = YES;
				CLANG_WARN_UNGUARDED_AVAILABILITY = YES_AGGRESSIVE;
				CLANG_WARN_UNREACHABLE_CODE = YES;
				CLANG_WARN__DUPLICATE_METHOD_MATCH = YES;
				COPY_PHASE_STRIP = NO;
				DEBUG_INFORMATION_FORMAT = "dwarf-with-dsym";
				ENABLE_NS_ASSERTIONS = NO;
				ENABLE_STRICT_OBJC_MSGSEND = YES;
				GCC_C_LANGUAGE_STANDARD = gnu11;
				GCC_NO_COMMON_BLOCKS = YES;
				GCC_WARN_64_TO_32_BIT_CONVERSION = YES;
				GCC_WARN_ABOUT_RETURN_TYPE = YES_ERROR;
				GCC_WARN_UNDECLARED_SELECTOR = YES;
				GCC_WARN_UNINITIALIZED_AUTOS = YES_AGGRESSIVE;
				GCC_WARN_UNUSED_FUNCTION = YES;
				GCC_WARN_UNUSED_VARIABLE = YES;
				IPHONEOS_DEPLOYMENT_TARGET = 13.2;
				MTL_ENABLE_DEBUG_INFO = NO;
				MTL_FAST_MATH = YES;
				SDKROOT = iphoneos;
				SWIFT_COMPILATION_MODE = wholemodule;
				SWIFT_OPTIMIZATION_LEVEL = "-O";
				VALIDATE_PRODUCT = YES;
			};
			name = Release;
		};
		84DB7B1B247ECD1B00C9CF43 /* Debug */ = {
			isa = XCBuildConfiguration;
			baseConfigurationReference = D4E1CA6CB4322EF42CF6E590 /* Pods-100DaysOfCodeProject.debug.xcconfig */;
			buildSettings = {
				ASSETCATALOG_COMPILER_APPICON_NAME = AppIcon;
				CODE_SIGN_STYLE = Automatic;
				DEVELOPMENT_ASSET_PATHS = "\"100DaysOfCodeProject/Preview Content\"";
				DEVELOPMENT_TEAM = TBW2L68936;
				ENABLE_PREVIEWS = YES;
				INFOPLIST_FILE = 100DaysOfCodeProject/Info.plist;
				LD_RUNPATH_SEARCH_PATHS = (
					"$(inherited)",
					"@executable_path/Frameworks",
				);
				PRODUCT_BUNDLE_IDENTIFIER = "tbwdevs.-00DaysOfCodeProject";
				PRODUCT_NAME = "$(TARGET_NAME)";
				SWIFT_VERSION = 5.0;
				TARGETED_DEVICE_FAMILY = "1,2";
			};
			name = Debug;
		};
		84DB7B1C247ECD1B00C9CF43 /* Release */ = {
			isa = XCBuildConfiguration;
			baseConfigurationReference = 7E4D137F4A9D7530C6E8F319 /* Pods-100DaysOfCodeProject.release.xcconfig */;
			buildSettings = {
				ASSETCATALOG_COMPILER_APPICON_NAME = AppIcon;
				CODE_SIGN_STYLE = Automatic;
				DEVELOPMENT_ASSET_PATHS = "\"100DaysOfCodeProject/Preview Content\"";
				DEVELOPMENT_TEAM = TBW2L68936;
				ENABLE_PREVIEWS = YES;
				INFOPLIST_FILE = 100DaysOfCodeProject/Info.plist;
				LD_RUNPATH_SEARCH_PATHS = (
					"$(inherited)",
					"@executable_path/Frameworks",
				);
				PRODUCT_BUNDLE_IDENTIFIER = "tbwdevs.-00DaysOfCodeProject";
				PRODUCT_NAME = "$(TARGET_NAME)";
				SWIFT_VERSION = 5.0;
				TARGETED_DEVICE_FAMILY = "1,2";
			};
			name = Release;
		};
/* End XCBuildConfiguration section */

/* Begin XCConfigurationList section */
		84DB7B01247ECD1900C9CF43 /* Build configuration list for PBXProject "100DaysOfCodeProject" */ = {
			isa = XCConfigurationList;
			buildConfigurations = (
				84DB7B18247ECD1B00C9CF43 /* Debug */,
				84DB7B19247ECD1B00C9CF43 /* Release */,
			);
			defaultConfigurationIsVisible = 0;
			defaultConfigurationName = Release;
		};
		84DB7B1A247ECD1B00C9CF43 /* Build configuration list for PBXNativeTarget "100DaysOfCodeProject" */ = {
			isa = XCConfigurationList;
			buildConfigurations = (
				84DB7B1B247ECD1B00C9CF43 /* Debug */,
				84DB7B1C247ECD1B00C9CF43 /* Release */,
			);
			defaultConfigurationIsVisible = 0;
			defaultConfigurationName = Release;
		};
/* End XCConfigurationList section */
	};
	rootObject = 84DB7AFE247ECD1900C9CF43 /* Project object */;
}
